
Microsoft Visual Studio Solution File, Format Version 12.00
# Visual Studio 2012
Project("{8BC9CEB8-8B4A-11D0-8D11-00A0C91BC942}") = "limyue-5b", "limyue-5b\limyue-5b.vcxproj", "{E7C7BCB7-1FD9-45D7-B1C2-07E1F49F4211}"
EndProject
Global
	GlobalSection(SolutionConfigurationPlatforms) = preSolution
		Debug|Win32 = Debug|Win32
		Release|Win32 = Release|Win32
	EndGlobalSection
	GlobalSection(ProjectConfigurationPlatforms) = postSolution
		{E7C7BCB7-1FD9-45D7-B1C2-07E1F49F4211}.Debug|Win32.ActiveCfg = Debug|Win32
		{E7C7BCB7-1FD9-45D7-B1C2-07E1F49F4211}.Debug|Win32.Build.0 = Debug|Win32
		{E7C7BCB7-1FD9-45D7-B1C2-07E1F49F4211}.Release|Win32.ActiveCfg = Release|Win32
		{E7C7BCB7-1FD9-45D7-B1C2-07E1F49F4211}.Release|Win32.Build.0 = Release|Win32
	EndGlobalSection
	GlobalSection(SolutionProperties) = preSolution
		HideSolutionNode = FALSE
	EndGlobalSection
EndGlobal
