
Microsoft Visual Studio Solution File, Format Version 11.00
# Visual Studio 2010
Project("{8BC9CEB8-8B4A-11D0-8D11-00A0C91BC942}") = "limyue-4a", "limyue-4a\limyue-4a.vcxproj", "{E7595304-7493-44BE-B368-827E1440B2CA}"
EndProject
Global
	GlobalSection(SolutionConfigurationPlatforms) = preSolution
		Debug|Win32 = Debug|Win32
		Release|Win32 = Release|Win32
	EndGlobalSection
	GlobalSection(ProjectConfigurationPlatforms) = postSolution
		{E7595304-7493-44BE-B368-827E1440B2CA}.Debug|Win32.ActiveCfg = Debug|Win32
		{E7595304-7493-44BE-B368-827E1440B2CA}.Debug|Win32.Build.0 = Debug|Win32
		{E7595304-7493-44BE-B368-827E1440B2CA}.Release|Win32.ActiveCfg = Release|Win32
		{E7595304-7493-44BE-B368-827E1440B2CA}.Release|Win32.Build.0 = Release|Win32
	EndGlobalSection
	GlobalSection(SolutionProperties) = preSolution
		HideSolutionNode = FALSE
	EndGlobalSection
EndGlobal
