
Microsoft Visual Studio Solution File, Format Version 11.00
# Visual Studio 2010
Project("{8BC9CEB8-8B4A-11D0-8D11-00A0C91BC942}") = "limyue-4a", "limyue-4a\limyue-4a.vcxproj", "{48A35E98-8D2B-4654-940D-98AECBD657C3}"
EndProject
Global
	GlobalSection(SolutionConfigurationPlatforms) = preSolution
		Debug|Win32 = Debug|Win32
		Release|Win32 = Release|Win32
	EndGlobalSection
	GlobalSection(ProjectConfigurationPlatforms) = postSolution
		{48A35E98-8D2B-4654-940D-98AECBD657C3}.Debug|Win32.ActiveCfg = Debug|Win32
		{48A35E98-8D2B-4654-940D-98AECBD657C3}.Debug|Win32.Build.0 = Debug|Win32
		{48A35E98-8D2B-4654-940D-98AECBD657C3}.Release|Win32.ActiveCfg = Release|Win32
		{48A35E98-8D2B-4654-940D-98AECBD657C3}.Release|Win32.Build.0 = Release|Win32
	EndGlobalSection
	GlobalSection(SolutionProperties) = preSolution
		HideSolutionNode = FALSE
	EndGlobalSection
EndGlobal
