
Microsoft Visual Studio Solution File, Format Version 11.00
# Visual Studio 2010
Project("{8BC9CEB8-8B4A-11D0-8D11-00A0C91BC942}") = "limyue-3b", "limyue-3b\limyue-3b.vcxproj", "{ADF1ED67-4077-4FD8-B144-EA055F277D5B}"
EndProject
Global
	GlobalSection(SolutionConfigurationPlatforms) = preSolution
		Debug|Win32 = Debug|Win32
		Release|Win32 = Release|Win32
	EndGlobalSection
	GlobalSection(ProjectConfigurationPlatforms) = postSolution
		{ADF1ED67-4077-4FD8-B144-EA055F277D5B}.Debug|Win32.ActiveCfg = Debug|Win32
		{ADF1ED67-4077-4FD8-B144-EA055F277D5B}.Debug|Win32.Build.0 = Debug|Win32
		{ADF1ED67-4077-4FD8-B144-EA055F277D5B}.Release|Win32.ActiveCfg = Release|Win32
		{ADF1ED67-4077-4FD8-B144-EA055F277D5B}.Release|Win32.Build.0 = Release|Win32
	EndGlobalSection
	GlobalSection(SolutionProperties) = preSolution
		HideSolutionNode = FALSE
	EndGlobalSection
EndGlobal
